
Microsoft Visual Studio Solution File, Format Version 11.00
# Visual Studio 2010
Project("{FAE04EC0-301F-11D3-BF4B-00C04F79EFBC}") = "UnityEngine.UI", "UnityEngine.UI.csproj", "{678d44ed-abe3-abc4-5dfb-362a05a11d5d}"
EndProject
Project("{FAE04EC0-301F-11D3-BF4B-00C04F79EFBC}") = "Assembly-CSharp", "Assembly-CSharp.csproj", "{5ce5a80e-6042-f417-3533-97dc2bdc3237}"
EndProject
Project("{FAE04EC0-301F-11D3-BF4B-00C04F79EFBC}") = "Assembly-CSharp-firstpass", "Assembly-CSharp-firstpass.csproj", "{89828cdd-c223-f3ff-8d40-9381e4443f10}"
EndProject
Project("{FAE04EC0-301F-11D3-BF4B-00C04F79EFBC}") = "UnityEditor.UI", "UnityEditor.UI.csproj", "{bcfbd166-6254-731e-3b55-bcff0a482788}"
EndProject
Project("{FAE04EC0-301F-11D3-BF4B-00C04F79EFBC}") = "Unity.2D.Sprite.Editor", "Unity.2D.Sprite.Editor.csproj", "{216994b0-5eb6-f15b-1255-ef46b48fc2b2}"
EndProject
Project("{FAE04EC0-301F-11D3-BF4B-00C04F79EFBC}") = "Assembly-CSharp-Editor", "Assembly-CSharp-Editor.csproj", "{4272546f-acfb-8756-a064-2484f1d7b34f}"
EndProject
Project("{FAE04EC0-301F-11D3-BF4B-00C04F79EFBC}") = "Assembly-CSharp-Editor-firstpass", "Assembly-CSharp-Editor-firstpass.csproj", "{6b9a009d-0a1e-49db-b8c6-db262b5d2ad5}"
EndProject
Global
	GlobalSection(SolutionConfigurationPlatforms) = preSolution
		Debug|Any CPU = Debug|Any CPU
	EndGlobalSection
	GlobalSection(ProjectConfigurationPlatforms) = postSolution
		{678d44ed-abe3-abc4-5dfb-362a05a11d5d}.Debug|Any CPU.ActiveCfg = Debug|Any CPU
		{678d44ed-abe3-abc4-5dfb-362a05a11d5d}.Debug|Any CPU.Build.0 = Debug|Any CPU
		{5ce5a80e-6042-f417-3533-97dc2bdc3237}.Debug|Any CPU.ActiveCfg = Debug|Any CPU
		{5ce5a80e-6042-f417-3533-97dc2bdc3237}.Debug|Any CPU.Build.0 = Debug|Any CPU
		{89828cdd-c223-f3ff-8d40-9381e4443f10}.Debug|Any CPU.ActiveCfg = Debug|Any CPU
		{89828cdd-c223-f3ff-8d40-9381e4443f10}.Debug|Any CPU.Build.0 = Debug|Any CPU
		{bcfbd166-6254-731e-3b55-bcff0a482788}.Debug|Any CPU.ActiveCfg = Debug|Any CPU
		{bcfbd166-6254-731e-3b55-bcff0a482788}.Debug|Any CPU.Build.0 = Debug|Any CPU
		{216994b0-5eb6-f15b-1255-ef46b48fc2b2}.Debug|Any CPU.ActiveCfg = Debug|Any CPU
		{216994b0-5eb6-f15b-1255-ef46b48fc2b2}.Debug|Any CPU.Build.0 = Debug|Any CPU
		{4272546f-acfb-8756-a064-2484f1d7b34f}.Debug|Any CPU.ActiveCfg = Debug|Any CPU
		{4272546f-acfb-8756-a064-2484f1d7b34f}.Debug|Any CPU.Build.0 = Debug|Any CPU
		{6b9a009d-0a1e-49db-b8c6-db262b5d2ad5}.Debug|Any CPU.ActiveCfg = Debug|Any CPU
		{6b9a009d-0a1e-49db-b8c6-db262b5d2ad5}.Debug|Any CPU.Build.0 = Debug|Any CPU
	EndGlobalSection
	GlobalSection(SolutionProperties) = preSolution
		HideSolutionNode = FALSE
	EndGlobalSection
EndGlobal
